
Microsoft Visual Studio Solution File, Format Version 12.00
# Visual Studio Version 16
VisualStudioVersion = 16.0.28803.352
MinimumVisualStudioVersion = 10.0.40219.1
Project("{9A19103F-16F7-4668-BE54-9A1E7A4F7556}") = "CoBRA.Infra.Intranet", "Repositorio_Intranet\CoBRA.Infra.Intranet.csproj", "{11D425C9-18BB-4511-A86B-C7566B0BA8EF}"
EndProject
Project("{9A19103F-16F7-4668-BE54-9A1E7A4F7556}") = "CoBRA.Application", "Negocio\CoBRA.Application.csproj", "{A21F1AA2-F67A-4EE2-B5BA-518DEB85960E}"
EndProject
Project("{9A19103F-16F7-4668-BE54-9A1E7A4F7556}") = "CoBRA.Domain", "Modelo\CoBRA.Domain.csproj", "{2D5EE55D-5CA2-413D-9454-7015AC206976}"
EndProject
Project("{9A19103F-16F7-4668-BE54-9A1E7A4F7556}") = "CoBRA.API", "EBSA\CoBRA.API.csproj", "{530353DE-B4A8-41BA-BDD6-C5BACB513C0B}"
EndProject
Project("{9A19103F-16F7-4668-BE54-9A1E7A4F7556}") = "CoBRA.Infra.Protheus", "Repositorio_Protheus\CoBRA.Infra.Protheus.csproj", "{C36B6504-9777-4FA0-A319-F8ED3A361368}"
EndProject
Project("{2150E333-8FDC-42A3-9474-1A3956D46DE8}") = "API", "API", "{5035A53C-0DBE-4F0D-A2A6-7F0A7F189698}"
EndProject
Project("{2150E333-8FDC-42A3-9474-1A3956D46DE8}") = "Application", "Application", "{638131ED-E2D1-4A96-889D-15644095C8B4}"
EndProject
Project("{2150E333-8FDC-42A3-9474-1A3956D46DE8}") = "Domain", "Domain", "{7ECCD70D-BE4A-4E2D-A904-37949A6AB5C6}"
EndProject
Project("{2150E333-8FDC-42A3-9474-1A3956D46DE8}") = "Infra", "Infra", "{CE85876F-EBEB-4865-9D0F-8018EA2B97F5}"
EndProject
Project("{2150E333-8FDC-42A3-9474-1A3956D46DE8}") = "CrossCutting", "CrossCutting", "{D990EAD7-A662-471F-8E89-203DD80BA80B}"
EndProject
Project("{9A19103F-16F7-4668-BE54-9A1E7A4F7556}") = "CoBRA.Infra.CrossCutting.EmailService", "CoBRA.Infra.CrossCutting.EmailService\CoBRA.Infra.CrossCutting.EmailService.csproj", "{256A8499-695F-4E5E-B408-F3F301E40F53}"
EndProject
Project("{9A19103F-16F7-4668-BE54-9A1E7A4F7556}") = "CoBRA.Infra.Corpore", "CoBRA.Infra.Copore\CoBRA.Infra.Corpore.csproj", "{91021515-1AC5-4C0A-A968-491F18BC751B}"
EndProject
Project("{9A19103F-16F7-4668-BE54-9A1E7A4F7556}") = "Elvis.Domain", "Elvis.Domain\Elvis.Domain.csproj", "{AA3F4C2E-50BB-4BFA-AC1E-91398AC6E1E9}"
EndProject
Project("{9A19103F-16F7-4668-BE54-9A1E7A4F7556}") = "CoBRA.Infra.CrossCutting.OTRSService", "CoBRA.Infra.CrossCutting.OTRSService\CoBRA.Infra.CrossCutting.OTRSService.csproj", "{1A4AB485-0A99-48DB-B12F-08F4D4113120}"
EndProject
Project("{2150E333-8FDC-42A3-9474-1A3956D46DE8}") = "Console", "Console", "{03BBF84A-63CF-4F6F-88D0-7B47D25445C1}"
EndProject
Project("{9A19103F-16F7-4668-BE54-9A1E7A4F7556}") = "Cobra.Console", "Cobra.Console\Cobra.Console.csproj", "{A0C6C4C9-62A3-484F-BCDE-7E4974BE648C}"
EndProject
Project("{2150E333-8FDC-42A3-9474-1A3956D46DE8}") = "Solution Items", "Solution Items", "{5061A218-286D-4CD1-AFAE-51B5E68818A0}"
	ProjectSection(SolutionItems) = preProject
		.editorconfig = .editorconfig
	EndProjectSection
EndProject
Global
	GlobalSection(SolutionConfigurationPlatforms) = preSolution
		Debug|Any CPU = Debug|Any CPU
		Release|Any CPU = Release|Any CPU
	EndGlobalSection
	GlobalSection(ProjectConfigurationPlatforms) = postSolution
		{11D425C9-18BB-4511-A86B-C7566B0BA8EF}.Debug|Any CPU.ActiveCfg = Debug|Any CPU
		{11D425C9-18BB-4511-A86B-C7566B0BA8EF}.Debug|Any CPU.Build.0 = Debug|Any CPU
		{11D425C9-18BB-4511-A86B-C7566B0BA8EF}.Release|Any CPU.ActiveCfg = Release|Any CPU
		{11D425C9-18BB-4511-A86B-C7566B0BA8EF}.Release|Any CPU.Build.0 = Release|Any CPU
		{A21F1AA2-F67A-4EE2-B5BA-518DEB85960E}.Debug|Any CPU.ActiveCfg = Debug|Any CPU
		{A21F1AA2-F67A-4EE2-B5BA-518DEB85960E}.Debug|Any CPU.Build.0 = Debug|Any CPU
		{A21F1AA2-F67A-4EE2-B5BA-518DEB85960E}.Release|Any CPU.ActiveCfg = Release|Any CPU
		{A21F1AA2-F67A-4EE2-B5BA-518DEB85960E}.Release|Any CPU.Build.0 = Release|Any CPU
		{2D5EE55D-5CA2-413D-9454-7015AC206976}.Debug|Any CPU.ActiveCfg = Debug|Any CPU
		{2D5EE55D-5CA2-413D-9454-7015AC206976}.Debug|Any CPU.Build.0 = Debug|Any CPU
		{2D5EE55D-5CA2-413D-9454-7015AC206976}.Release|Any CPU.ActiveCfg = Release|Any CPU
		{2D5EE55D-5CA2-413D-9454-7015AC206976}.Release|Any CPU.Build.0 = Release|Any CPU
		{530353DE-B4A8-41BA-BDD6-C5BACB513C0B}.Debug|Any CPU.ActiveCfg = Debug|Any CPU
		{530353DE-B4A8-41BA-BDD6-C5BACB513C0B}.Debug|Any CPU.Build.0 = Debug|Any CPU
		{530353DE-B4A8-41BA-BDD6-C5BACB513C0B}.Release|Any CPU.ActiveCfg = Release|Any CPU
		{530353DE-B4A8-41BA-BDD6-C5BACB513C0B}.Release|Any CPU.Build.0 = Release|Any CPU
		{C36B6504-9777-4FA0-A319-F8ED3A361368}.Debug|Any CPU.ActiveCfg = Debug|Any CPU
		{C36B6504-9777-4FA0-A319-F8ED3A361368}.Debug|Any CPU.Build.0 = Debug|Any CPU
		{C36B6504-9777-4FA0-A319-F8ED3A361368}.Release|Any CPU.ActiveCfg = Release|Any CPU
		{C36B6504-9777-4FA0-A319-F8ED3A361368}.Release|Any CPU.Build.0 = Release|Any CPU
		{256A8499-695F-4E5E-B408-F3F301E40F53}.Debug|Any CPU.ActiveCfg = Debug|Any CPU
		{256A8499-695F-4E5E-B408-F3F301E40F53}.Debug|Any CPU.Build.0 = Debug|Any CPU
		{256A8499-695F-4E5E-B408-F3F301E40F53}.Release|Any CPU.ActiveCfg = Release|Any CPU
		{256A8499-695F-4E5E-B408-F3F301E40F53}.Release|Any CPU.Build.0 = Release|Any CPU
		{91021515-1AC5-4C0A-A968-491F18BC751B}.Debug|Any CPU.ActiveCfg = Debug|Any CPU
		{91021515-1AC5-4C0A-A968-491F18BC751B}.Debug|Any CPU.Build.0 = Debug|Any CPU
		{91021515-1AC5-4C0A-A968-491F18BC751B}.Release|Any CPU.ActiveCfg = Release|Any CPU
		{91021515-1AC5-4C0A-A968-491F18BC751B}.Release|Any CPU.Build.0 = Release|Any CPU
		{AA3F4C2E-50BB-4BFA-AC1E-91398AC6E1E9}.Debug|Any CPU.ActiveCfg = Debug|Any CPU
		{AA3F4C2E-50BB-4BFA-AC1E-91398AC6E1E9}.Debug|Any CPU.Build.0 = Debug|Any CPU
		{AA3F4C2E-50BB-4BFA-AC1E-91398AC6E1E9}.Release|Any CPU.ActiveCfg = Release|Any CPU
		{AA3F4C2E-50BB-4BFA-AC1E-91398AC6E1E9}.Release|Any CPU.Build.0 = Release|Any CPU
		{1A4AB485-0A99-48DB-B12F-08F4D4113120}.Debug|Any CPU.ActiveCfg = Debug|Any CPU
		{1A4AB485-0A99-48DB-B12F-08F4D4113120}.Debug|Any CPU.Build.0 = Debug|Any CPU
		{1A4AB485-0A99-48DB-B12F-08F4D4113120}.Release|Any CPU.ActiveCfg = Release|Any CPU
		{1A4AB485-0A99-48DB-B12F-08F4D4113120}.Release|Any CPU.Build.0 = Release|Any CPU
		{A0C6C4C9-62A3-484F-BCDE-7E4974BE648C}.Debug|Any CPU.ActiveCfg = Debug|Any CPU
		{A0C6C4C9-62A3-484F-BCDE-7E4974BE648C}.Debug|Any CPU.Build.0 = Debug|Any CPU
		{A0C6C4C9-62A3-484F-BCDE-7E4974BE648C}.Release|Any CPU.ActiveCfg = Release|Any CPU
		{A0C6C4C9-62A3-484F-BCDE-7E4974BE648C}.Release|Any CPU.Build.0 = Release|Any CPU
	EndGlobalSection
	GlobalSection(SolutionProperties) = preSolution
		HideSolutionNode = FALSE
	EndGlobalSection
	GlobalSection(NestedProjects) = preSolution
		{11D425C9-18BB-4511-A86B-C7566B0BA8EF} = {CE85876F-EBEB-4865-9D0F-8018EA2B97F5}
		{A21F1AA2-F67A-4EE2-B5BA-518DEB85960E} = {638131ED-E2D1-4A96-889D-15644095C8B4}
		{2D5EE55D-5CA2-413D-9454-7015AC206976} = {7ECCD70D-BE4A-4E2D-A904-37949A6AB5C6}
		{530353DE-B4A8-41BA-BDD6-C5BACB513C0B} = {5035A53C-0DBE-4F0D-A2A6-7F0A7F189698}
		{C36B6504-9777-4FA0-A319-F8ED3A361368} = {CE85876F-EBEB-4865-9D0F-8018EA2B97F5}
		{D990EAD7-A662-471F-8E89-203DD80BA80B} = {CE85876F-EBEB-4865-9D0F-8018EA2B97F5}
		{256A8499-695F-4E5E-B408-F3F301E40F53} = {D990EAD7-A662-471F-8E89-203DD80BA80B}
		{91021515-1AC5-4C0A-A968-491F18BC751B} = {CE85876F-EBEB-4865-9D0F-8018EA2B97F5}
		{AA3F4C2E-50BB-4BFA-AC1E-91398AC6E1E9} = {7ECCD70D-BE4A-4E2D-A904-37949A6AB5C6}
		{1A4AB485-0A99-48DB-B12F-08F4D4113120} = {D990EAD7-A662-471F-8E89-203DD80BA80B}
		{A0C6C4C9-62A3-484F-BCDE-7E4974BE648C} = {03BBF84A-63CF-4F6F-88D0-7B47D25445C1}
	EndGlobalSection
	GlobalSection(ExtensibilityGlobals) = postSolution
		SolutionGuid = {76FC504F-7E65-4103-8602-9B27D648D080}
	EndGlobalSection
EndGlobal
